
Microsoft Visual Studio Solution File, Format Version 12.00
# Visual Studio Version 17
VisualStudioVersion = 17.4.33122.133
MinimumVisualStudioVersion = 10.0.40219.1
Project("{FAE04EC0-301F-11D3-BF4B-00C04F79EFBC}") = "players", "players\players.csproj", "{F77028F6-2CFC-490E-9F1A-869EAA1E9104}"
EndProject
Global
	GlobalSection(SolutionConfigurationPlatforms) = preSolution
		Debug|Any CPU = Debug|Any CPU
		Release|Any CPU = Release|Any CPU
	EndGlobalSection
	GlobalSection(ProjectConfigurationPlatforms) = postSolution
		{F77028F6-2CFC-490E-9F1A-869EAA1E9104}.Debug|Any CPU.ActiveCfg = Debug|Any CPU
		{F77028F6-2CFC-490E-9F1A-869EAA1E9104}.Debug|Any CPU.Build.0 = Debug|Any CPU
		{F77028F6-2CFC-490E-9F1A-869EAA1E9104}.Release|Any CPU.ActiveCfg = Release|Any CPU
		{F77028F6-2CFC-490E-9F1A-869EAA1E9104}.Release|Any CPU.Build.0 = Release|Any CPU
	EndGlobalSection
	GlobalSection(SolutionProperties) = preSolution
		HideSolutionNode = FALSE
	EndGlobalSection
	GlobalSection(ExtensibilityGlobals) = postSolution
		SolutionGuid = {5A37C678-3E73-46E4-88AC-FBCAF6C0EF6F}
	EndGlobalSection
EndGlobal
